dependencies:
- name: postgresql
  repository: https://charts.bitnami.com/bitnami
  version: 18.3.0
- name: postgresql
  repository: https://charts.bitnami.com/bitnami
  version: 18.3.0
- name: rucio-server
  repository: https://rucio.github.io/helm-charts
  version: 40.0.0
- name: rucio-server
  repository: https://rucio.github.io/helm-charts
  version: 40.0.0
- name: fts
  repository: file://../fts
  version: 0.1.0
- name: fts
  repository: file://../fts
  version: 0.1.0
- name: keycloak
  repository: file://../keycloak
  version: 0.1.0
- name: xrootd
  repository: file://../xrootd
  version: 0.1.0
- name: xrootd
  repository: file://../xrootd
  version: 0.1.0
- name: xrootd-scitokens
  repository: file://../xrootd-scitokens
  version: 0.1.0
- name: xrootd-scitokens
  repository: file://../xrootd-scitokens
  version: 0.1.0
- name: webdav
  repository: file://../webdav
  version: 0.1.0
- name: webdav
  repository: file://../webdav
  version: 0.1.0
- name: storm-webdav
  repository: file://../storm-webdav
  version: 0.1.0
- name: storm-webdav
  repository: file://../storm-webdav
  version: 0.1.0
- name: minio
  repository: file://../minio
  version: 0.1.0
- name: minio
  repository: file://../minio
  version: 0.1.0
- name: rucio-client
  repository: file://../rucio-client
  version: 0.1.0
digest: sha256:8a668b10420d6a80abf6e5a9261732ada51261fa7f4a0b1ec0e3de194a0c6c6f
generated: "2026-04-25T18:55:48.547530501Z"
